
Microsoft Visual Studio Solution File, Format Version 11.00
# Visual Studio 2010
Project("{FAE04EC0-301F-11D3-BF4B-00C04F79EFBC}") = "Assembly-CSharp", "Assembly-CSharp.csproj", "{724AEFBC-4FD6-ACF9-6DFD-000E07319BE1}"
EndProject
Project("{FAE04EC0-301F-11D3-BF4B-00C04F79EFBC}") = "Unity.2D.Tilemap.Extras", "Unity.2D.Tilemap.Extras.csproj", "{85B429A8-C345-BE83-7524-1BAFDD000414}"
EndProject
Project("{FAE04EC0-301F-11D3-BF4B-00C04F79EFBC}") = "Unity.2D.Tilemap.Extras.Editor", "Unity.2D.Tilemap.Extras.Editor.csproj", "{87BA4A86-80F3-F9DA-3BE5-16BC48F8C2D8}"
EndProject
Project("{FAE04EC0-301F-11D3-BF4B-00C04F79EFBC}") = "Unity.2D.Tilemap.Extras.Placeholder.EditorTests", "Unity.2D.Tilemap.Extras.Placeholder.EditorTests.csproj", "{FAF2C6AD-0037-D96E-12F6-E6ACAFD2A71C}"
EndProject
Global
	GlobalSection(SolutionConfigurationPlatforms) = preSolution
		Debug|Any CPU = Debug|Any CPU
		Release|Any CPU = Release|Any CPU
	EndGlobalSection
	GlobalSection(ProjectConfigurationPlatforms) = postSolution
		{724AEFBC-4FD6-ACF9-6DFD-000E07319BE1}.Debug|Any CPU.ActiveCfg = Debug|Any CPU
		{724AEFBC-4FD6-ACF9-6DFD-000E07319BE1}.Debug|Any CPU.Build.0 = Debug|Any CPU
		{724AEFBC-4FD6-ACF9-6DFD-000E07319BE1}.Release|Any CPU.ActiveCfg = Release|Any CPU
		{724AEFBC-4FD6-ACF9-6DFD-000E07319BE1}.Release|Any CPU.Build.0 = Release|Any CPU
		{85B429A8-C345-BE83-7524-1BAFDD000414}.Debug|Any CPU.ActiveCfg = Debug|Any CPU
		{85B429A8-C345-BE83-7524-1BAFDD000414}.Debug|Any CPU.Build.0 = Debug|Any CPU
		{85B429A8-C345-BE83-7524-1BAFDD000414}.Release|Any CPU.ActiveCfg = Release|Any CPU
		{85B429A8-C345-BE83-7524-1BAFDD000414}.Release|Any CPU.Build.0 = Release|Any CPU
		{87BA4A86-80F3-F9DA-3BE5-16BC48F8C2D8}.Debug|Any CPU.ActiveCfg = Debug|Any CPU
		{87BA4A86-80F3-F9DA-3BE5-16BC48F8C2D8}.Debug|Any CPU.Build.0 = Debug|Any CPU
		{87BA4A86-80F3-F9DA-3BE5-16BC48F8C2D8}.Release|Any CPU.ActiveCfg = Release|Any CPU
		{87BA4A86-80F3-F9DA-3BE5-16BC48F8C2D8}.Release|Any CPU.Build.0 = Release|Any CPU
		{FAF2C6AD-0037-D96E-12F6-E6ACAFD2A71C}.Debug|Any CPU.ActiveCfg = Debug|Any CPU
		{FAF2C6AD-0037-D96E-12F6-E6ACAFD2A71C}.Debug|Any CPU.Build.0 = Debug|Any CPU
		{FAF2C6AD-0037-D96E-12F6-E6ACAFD2A71C}.Release|Any CPU.ActiveCfg = Release|Any CPU
		{FAF2C6AD-0037-D96E-12F6-E6ACAFD2A71C}.Release|Any CPU.Build.0 = Release|Any CPU
	EndGlobalSection
	GlobalSection(SolutionProperties) = preSolution
		HideSolutionNode = FALSE
	EndGlobalSection
EndGlobal
